# This file is automatically @generated by Cargo.
# It is not intended for manual editing.
version = 4

[[package]]
name = "difference"
version = "1.0.0"
source = "registry+https://github.com/rust-lang/crates.io-index"
checksum = "b3304d19798a8e067e48d8e69b2c37f0b5e9b4e462504ad9e27e9f3fce02bba8"

[[package]]
name = "duprule"
version = "0.1.0"
dependencies = [
 "pretty_assertions",
]

[[package]]
name = "pretty_assertions"
version = "0.2.1"
source = "registry+https://github.com/rust-lang/crates.io-index"
checksum = "1d510007841e87c7a6d829a36f7f0acb72aef12e38cc89073fe39810c1d976ac"
dependencies = [
 "difference",
]
